
Microsoft Visual Studio Solution File, Format Version 12.00
# Visual Studio Version 16
VisualStudioVersion = 16.0.31624.102
MinimumVisualStudioVersion = 10.0.40219.1
Project("{8BC9CEB8-8B4A-11D0-8D11-00A0C91BC942}") = "PR5.4", "PR5.4\PR5.4.vcxproj", "{76418389-70EF-4B7F-90A1-A6998E045E46}"
EndProject
Project("{8BC9CEB8-8B4A-11D0-8D11-00A0C91BC942}") = "UT5.4", "UT5.4\UT5.4.vcxproj", "{C142B9F7-8F6E-4829-A181-1BE4ED13E060}"
EndProject
Global
	GlobalSection(SolutionConfigurationPlatforms) = preSolution
		Debug|x64 = Debug|x64
		Debug|x86 = Debug|x86
		Release|x64 = Release|x64
		Release|x86 = Release|x86
	EndGlobalSection
	GlobalSection(ProjectConfigurationPlatforms) = postSolution
		{76418389-70EF-4B7F-90A1-A6998E045E46}.Debug|x64.ActiveCfg = Debug|x64
		{76418389-70EF-4B7F-90A1-A6998E045E46}.Debug|x64.Build.0 = Debug|x64
		{76418389-70EF-4B7F-90A1-A6998E045E46}.Debug|x86.ActiveCfg = Debug|Win32
		{76418389-70EF-4B7F-90A1-A6998E045E46}.Debug|x86.Build.0 = Debug|Win32
		{76418389-70EF-4B7F-90A1-A6998E045E46}.Release|x64.ActiveCfg = Release|x64
		{76418389-70EF-4B7F-90A1-A6998E045E46}.Release|x64.Build.0 = Release|x64
		{76418389-70EF-4B7F-90A1-A6998E045E46}.Release|x86.ActiveCfg = Release|Win32
		{76418389-70EF-4B7F-90A1-A6998E045E46}.Release|x86.Build.0 = Release|Win32
		{C142B9F7-8F6E-4829-A181-1BE4ED13E060}.Debug|x64.ActiveCfg = Debug|x64
		{C142B9F7-8F6E-4829-A181-1BE4ED13E060}.Debug|x64.Build.0 = Debug|x64
		{C142B9F7-8F6E-4829-A181-1BE4ED13E060}.Debug|x86.ActiveCfg = Debug|Win32
		{C142B9F7-8F6E-4829-A181-1BE4ED13E060}.Debug|x86.Build.0 = Debug|Win32
		{C142B9F7-8F6E-4829-A181-1BE4ED13E060}.Release|x64.ActiveCfg = Release|x64
		{C142B9F7-8F6E-4829-A181-1BE4ED13E060}.Release|x64.Build.0 = Release|x64
		{C142B9F7-8F6E-4829-A181-1BE4ED13E060}.Release|x86.ActiveCfg = Release|Win32
		{C142B9F7-8F6E-4829-A181-1BE4ED13E060}.Release|x86.Build.0 = Release|Win32
	EndGlobalSection
	GlobalSection(SolutionProperties) = preSolution
		HideSolutionNode = FALSE
	EndGlobalSection
	GlobalSection(ExtensibilityGlobals) = postSolution
		SolutionGuid = {EC9988AC-83D9-4C8E-9C4F-6CA42AF0FEB9}
	EndGlobalSection
EndGlobal
